
Microsoft Visual Studio Solution File, Format Version 12.00
# Visual Studio Version 17
VisualStudioVersion = 17.2.32602.215
MinimumVisualStudioVersion = 10.0.40219.1
Project("{FAE04EC0-301F-11D3-BF4B-00C04F79EFBC}") = "SqlConnectionDeneme0", "SqlConnectionDeneme\SqlConnectionDeneme0.csproj", "{F998C243-7A52-409C-90C0-69A4A323214F}"
EndProject
Global
	GlobalSection(SolutionConfigurationPlatforms) = preSolution
		Debug|Any CPU = Debug|Any CPU
		Release|Any CPU = Release|Any CPU
	EndGlobalSection
	GlobalSection(ProjectConfigurationPlatforms) = postSolution
		{F998C243-7A52-409C-90C0-69A4A323214F}.Debug|Any CPU.ActiveCfg = Debug|Any CPU
		{F998C243-7A52-409C-90C0-69A4A323214F}.Debug|Any CPU.Build.0 = Debug|Any CPU
		{F998C243-7A52-409C-90C0-69A4A323214F}.Release|Any CPU.ActiveCfg = Release|Any CPU
		{F998C243-7A52-409C-90C0-69A4A323214F}.Release|Any CPU.Build.0 = Release|Any CPU
	EndGlobalSection
	GlobalSection(SolutionProperties) = preSolution
		HideSolutionNode = FALSE
	EndGlobalSection
	GlobalSection(ExtensibilityGlobals) = postSolution
		SolutionGuid = {F7966F98-E846-4A80-AF45-80EE47FB640B}
	EndGlobalSection
EndGlobal
